{
  "name": "fish",
  "version": "1.0.0",
  "lockfileVersion": 1,
  "requires": true,
  "dependencies": {
    "llpage": {
      "version": "1.1.4",
      "resolved": "https://registry.npm.alibaba-inc.com/llpage/download/llpage-1.1.4.tgz",
      "requires": {
        "xajs": "1.0.x"
      },
      "dependencies": {
        "@humanwhocodes/circular-doubly-linked-list": {
          "version": "https://registry.npm.alibaba-inc.com/@humanwhocodes/circular-doubly-linked-list/download/@humanwhocodes/circular-doubly-linked-list-2.0.2.tgz"
        },
        "lru_map": {
          "version": "https://registry.npm.alibaba-inc.com/lru_map/download/lru_map-0.3.3.tgz"
        },
        "xajs": {
          "version": "https://registry.npm.alibaba-inc.com/xajs/download/xajs-1.0.9.tgz"
        }
      }
    },
    "path-to-regexp": {
      "version": "3.0.0",
      "resolved": "https://registry.npmjs.org/path-to-regexp/-/path-to-regexp-3.0.0.tgz",
      "integrity": "sha512-ZOtfhPttCrqp2M1PBBH4X13XlvnfhIwD7yCLx+GoGoXRPQyxGOTdQMpIzPSPKXAJT/JQrdfFrgdJOyAzvgpQ9A=="
    },
    "xajs": {
      "version": "1.0.9",
      "resolved": "https://registry.npm.alibaba-inc.com/xajs/download/xajs-1.0.9.tgz"
    }
  }
}
